
Microsoft Visual Studio Solution File, Format Version 12.00
# Visual Studio 15
VisualStudioVersion = 15.0.27703.2035
MinimumVisualStudioVersion = 10.0.40219.1
Project("{FAE04EC0-301F-11D3-BF4B-00C04F79EFBC}") = "ClimbingStoreMVC", "ClimbingStoreMVC\ClimbingStoreMVC.csproj", "{AD363360-B979-4CA7-A49F-79E4A0644DE8}"
EndProject
Global
	GlobalSection(SolutionConfigurationPlatforms) = preSolution
		Debug|Any CPU = Debug|Any CPU
		Release|Any CPU = Release|Any CPU
	EndGlobalSection
	GlobalSection(ProjectConfigurationPlatforms) = postSolution
		{AD363360-B979-4CA7-A49F-79E4A0644DE8}.Debug|Any CPU.ActiveCfg = Debug|Any CPU
		{AD363360-B979-4CA7-A49F-79E4A0644DE8}.Debug|Any CPU.Build.0 = Debug|Any CPU
		{AD363360-B979-4CA7-A49F-79E4A0644DE8}.Release|Any CPU.ActiveCfg = Release|Any CPU
		{AD363360-B979-4CA7-A49F-79E4A0644DE8}.Release|Any CPU.Build.0 = Release|Any CPU
	EndGlobalSection
	GlobalSection(SolutionProperties) = preSolution
		HideSolutionNode = FALSE
	EndGlobalSection
	GlobalSection(ExtensibilityGlobals) = postSolution
		SolutionGuid = {DBF029F0-0263-483E-BEF3-C33FC1627504}
	EndGlobalSection
EndGlobal
